
Microsoft Visual Studio Solution File, Format Version 12.00
# Visual Studio 15
VisualStudioVersion = 15.0.26430.16
MinimumVisualStudioVersion = 10.0.40219.1
Project("{FAE04EC0-301F-11D3-BF4B-00C04F79EFBC}") = "DraftSimulator.ServerLogic", "DraftSimulator.ServerLogic\DraftSimulator.ServerLogic.csproj", "{7B2BC0EB-F576-4C9C-9C72-C26998B9915B}"
EndProject
Project("{FAE04EC0-301F-11D3-BF4B-00C04F79EFBC}") = "DraftSimulator.ServerLogic.Tests", "DraftSimulator.ServerLogic.Tests\DraftSimulator.ServerLogic.Tests.csproj", "{59511100-041E-4B44-8267-A8A561232903}"
EndProject
Project("{00D1A9C2-B5F0-4AF3-8072-F6C62B433612}") = "DraftSimulator.Database", "DraftSimulator.Database\DraftSimulator.Database.sqlproj", "{F6527CC9-AE11-4762-AABF-83D0B1799BAA}"
EndProject
Project("{FAE04EC0-301F-11D3-BF4B-00C04F79EFBC}") = "DraftSimulator.DAL", "DraftSimulator.DAL\DraftSimulator.DAL.csproj", "{0C75E9CF-0973-4C70-A397-CD9BAB4CA53B}"
EndProject
Project("{FAE04EC0-301F-11D3-BF4B-00C04F79EFBC}") = "DraftSimulator.DAL.Tests", "DraftSimulator.DALTests\DraftSimulator.DAL.Tests.csproj", "{FB720C19-8F34-4CE7-A0A5-0F7AF2CF2DCE}"
EndProject
Project("{FAE04EC0-301F-11D3-BF4B-00C04F79EFBC}") = "DraftSimulator.Web", "DraftSimulator.Web\DraftSimulator.Web.csproj", "{B9C1A2D6-D7BC-443F-8BCE-3F87BA4CC064}"
EndProject
Global
	GlobalSection(SolutionConfigurationPlatforms) = preSolution
		Ad-Hoc|Any CPU = Ad-Hoc|Any CPU
		Ad-Hoc|ARM = Ad-Hoc|ARM
		Ad-Hoc|iPhone = Ad-Hoc|iPhone
		Ad-Hoc|iPhoneSimulator = Ad-Hoc|iPhoneSimulator
		Ad-Hoc|x64 = Ad-Hoc|x64
		Ad-Hoc|x86 = Ad-Hoc|x86
		AppStore|Any CPU = AppStore|Any CPU
		AppStore|ARM = AppStore|ARM
		AppStore|iPhone = AppStore|iPhone
		AppStore|iPhoneSimulator = AppStore|iPhoneSimulator
		AppStore|x64 = AppStore|x64
		AppStore|x86 = AppStore|x86
		Debug|Any CPU = Debug|Any CPU
		Debug|ARM = Debug|ARM
		Debug|iPhone = Debug|iPhone
		Debug|iPhoneSimulator = Debug|iPhoneSimulator
		Debug|x64 = Debug|x64
		Debug|x86 = Debug|x86
		Release|Any CPU = Release|Any CPU
		Release|ARM = Release|ARM
		Release|iPhone = Release|iPhone
		Release|iPhoneSimulator = Release|iPhoneSimulator
		Release|x64 = Release|x64
		Release|x86 = Release|x86
	EndGlobalSection
	GlobalSection(ProjectConfigurationPlatforms) = postSolution
		{7B2BC0EB-F576-4C9C-9C72-C26998B9915B}.Ad-Hoc|Any CPU.ActiveCfg = Release|Any CPU
		{7B2BC0EB-F576-4C9C-9C72-C26998B9915B}.Ad-Hoc|Any CPU.Build.0 = Release|Any CPU
		{7B2BC0EB-F576-4C9C-9C72-C26998B9915B}.Ad-Hoc|ARM.ActiveCfg = Release|Any CPU
		{7B2BC0EB-F576-4C9C-9C72-C26998B9915B}.Ad-Hoc|ARM.Build.0 = Release|Any CPU
		{7B2BC0EB-F576-4C9C-9C72-C26998B9915B}.Ad-Hoc|iPhone.ActiveCfg = Release|Any CPU
		{7B2BC0EB-F576-4C9C-9C72-C26998B9915B}.Ad-Hoc|iPhone.Build.0 = Release|Any CPU
		{7B2BC0EB-F576-4C9C-9C72-C26998B9915B}.Ad-Hoc|iPhoneSimulator.ActiveCfg = Release|Any CPU
		{7B2BC0EB-F576-4C9C-9C72-C26998B9915B}.Ad-Hoc|iPhoneSimulator.Build.0 = Release|Any CPU
		{7B2BC0EB-F576-4C9C-9C72-C26998B9915B}.Ad-Hoc|x64.ActiveCfg = Release|Any CPU
		{7B2BC0EB-F576-4C9C-9C72-C26998B9915B}.Ad-Hoc|x64.Build.0 = Release|Any CPU
		{7B2BC0EB-F576-4C9C-9C72-C26998B9915B}.Ad-Hoc|x86.ActiveCfg = Release|Any CPU
		{7B2BC0EB-F576-4C9C-9C72-C26998B9915B}.Ad-Hoc|x86.Build.0 = Release|Any CPU
		{7B2BC0EB-F576-4C9C-9C72-C26998B9915B}.AppStore|Any CPU.ActiveCfg = Release|Any CPU
		{7B2BC0EB-F576-4C9C-9C72-C26998B9915B}.AppStore|Any CPU.Build.0 = Release|Any CPU
		{7B2BC0EB-F576-4C9C-9C72-C26998B9915B}.AppStore|ARM.ActiveCfg = Release|Any CPU
		{7B2BC0EB-F576-4C9C-9C72-C26998B9915B}.AppStore|ARM.Build.0 = Release|Any CPU
		{7B2BC0EB-F576-4C9C-9C72-C26998B9915B}.AppStore|iPhone.ActiveCfg = Release|Any CPU
		{7B2BC0EB-F576-4C9C-9C72-C26998B9915B}.AppStore|iPhone.Build.0 = Release|Any CPU
		{7B2BC0EB-F576-4C9C-9C72-C26998B9915B}.AppStore|iPhoneSimulator.ActiveCfg = Release|Any CPU
		{7B2BC0EB-F576-4C9C-9C72-C26998B9915B}.AppStore|iPhoneSimulator.Build.0 = Release|Any CPU
		{7B2BC0EB-F576-4C9C-9C72-C26998B9915B}.AppStore|x64.ActiveCfg = Release|Any CPU
		{7B2BC0EB-F576-4C9C-9C72-C26998B9915B}.AppStore|x64.Build.0 = Release|Any CPU
		{7B2BC0EB-F576-4C9C-9C72-C26998B9915B}.AppStore|x86.ActiveCfg = Release|Any CPU
		{7B2BC0EB-F576-4C9C-9C72-C26998B9915B}.AppStore|x86.Build.0 = Release|Any CPU
		{7B2BC0EB-F576-4C9C-9C72-C26998B9915B}.Debug|Any CPU.ActiveCfg = Debug|Any CPU
		{7B2BC0EB-F576-4C9C-9C72-C26998B9915B}.Debug|Any CPU.Build.0 = Debug|Any CPU
		{7B2BC0EB-F576-4C9C-9C72-C26998B9915B}.Debug|ARM.ActiveCfg = Debug|Any CPU
		{7B2BC0EB-F576-4C9C-9C72-C26998B9915B}.Debug|ARM.Build.0 = Debug|Any CPU
		{7B2BC0EB-F576-4C9C-9C72-C26998B9915B}.Debug|iPhone.ActiveCfg = Debug|Any CPU
		{7B2BC0EB-F576-4C9C-9C72-C26998B9915B}.Debug|iPhone.Build.0 = Debug|Any CPU
		{7B2BC0EB-F576-4C9C-9C72-C26998B9915B}.Debug|iPhoneSimulator.ActiveCfg = Debug|Any CPU
		{7B2BC0EB-F576-4C9C-9C72-C26998B9915B}.Debug|iPhoneSimulator.Build.0 = Debug|Any CPU
		{7B2BC0EB-F576-4C9C-9C72-C26998B9915B}.Debug|x64.ActiveCfg = Debug|Any CPU
		{7B2BC0EB-F576-4C9C-9C72-C26998B9915B}.Debug|x64.Build.0 = Debug|Any CPU
		{7B2BC0EB-F576-4C9C-9C72-C26998B9915B}.Debug|x86.ActiveCfg = Debug|Any CPU
		{7B2BC0EB-F576-4C9C-9C72-C26998B9915B}.Debug|x86.Build.0 = Debug|Any CPU
		{7B2BC0EB-F576-4C9C-9C72-C26998B9915B}.Release|Any CPU.ActiveCfg = Release|Any CPU
		{7B2BC0EB-F576-4C9C-9C72-C26998B9915B}.Release|Any CPU.Build.0 = Release|Any CPU
		{7B2BC0EB-F576-4C9C-9C72-C26998B9915B}.Release|ARM.ActiveCfg = Release|Any CPU
		{7B2BC0EB-F576-4C9C-9C72-C26998B9915B}.Release|ARM.Build.0 = Release|Any CPU
		{7B2BC0EB-F576-4C9C-9C72-C26998B9915B}.Release|iPhone.ActiveCfg = Release|Any CPU
		{7B2BC0EB-F576-4C9C-9C72-C26998B9915B}.Release|iPhone.Build.0 = Release|Any CPU
		{7B2BC0EB-F576-4C9C-9C72-C26998B9915B}.Release|iPhoneSimulator.ActiveCfg = Release|Any CPU
		{7B2BC0EB-F576-4C9C-9C72-C26998B9915B}.Release|iPhoneSimulator.Build.0 = Release|Any CPU
		{7B2BC0EB-F576-4C9C-9C72-C26998B9915B}.Release|x64.ActiveCfg = Release|Any CPU
		{7B2BC0EB-F576-4C9C-9C72-C26998B9915B}.Release|x64.Build.0 = Release|Any CPU
		{7B2BC0EB-F576-4C9C-9C72-C26998B9915B}.Release|x86.ActiveCfg = Release|Any CPU
		{7B2BC0EB-F576-4C9C-9C72-C26998B9915B}.Release|x86.Build.0 = Release|Any CPU
		{59511100-041E-4B44-8267-A8A561232903}.Ad-Hoc|Any CPU.ActiveCfg = Release|Any CPU
		{59511100-041E-4B44-8267-A8A561232903}.Ad-Hoc|Any CPU.Build.0 = Release|Any CPU
		{59511100-041E-4B44-8267-A8A561232903}.Ad-Hoc|ARM.ActiveCfg = Release|Any CPU
		{59511100-041E-4B44-8267-A8A561232903}.Ad-Hoc|ARM.Build.0 = Release|Any CPU
		{59511100-041E-4B44-8267-A8A561232903}.Ad-Hoc|iPhone.ActiveCfg = Release|Any CPU
		{59511100-041E-4B44-8267-A8A561232903}.Ad-Hoc|iPhone.Build.0 = Release|Any CPU
		{59511100-041E-4B44-8267-A8A561232903}.Ad-Hoc|iPhoneSimulator.ActiveCfg = Release|Any CPU
		{59511100-041E-4B44-8267-A8A561232903}.Ad-Hoc|iPhoneSimulator.Build.0 = Release|Any CPU
		{59511100-041E-4B44-8267-A8A561232903}.Ad-Hoc|x64.ActiveCfg = Release|Any CPU
		{59511100-041E-4B44-8267-A8A561232903}.Ad-Hoc|x64.Build.0 = Release|Any CPU
		{59511100-041E-4B44-8267-A8A561232903}.Ad-Hoc|x86.ActiveCfg = Release|Any CPU
		{59511100-041E-4B44-8267-A8A561232903}.Ad-Hoc|x86.Build.0 = Release|Any CPU
		{59511100-041E-4B44-8267-A8A561232903}.AppStore|Any CPU.ActiveCfg = Release|Any CPU
		{59511100-041E-4B44-8267-A8A561232903}.AppStore|Any CPU.Build.0 = Release|Any CPU
		{59511100-041E-4B44-8267-A8A561232903}.AppStore|ARM.ActiveCfg = Release|Any CPU
		{59511100-041E-4B44-8267-A8A561232903}.AppStore|ARM.Build.0 = Release|Any CPU
		{59511100-041E-4B44-8267-A8A561232903}.AppStore|iPhone.ActiveCfg = Release|Any CPU
		{59511100-041E-4B44-8267-A8A561232903}.AppStore|iPhone.Build.0 = Release|Any CPU
		{59511100-041E-4B44-8267-A8A561232903}.AppStore|iPhoneSimulator.ActiveCfg = Release|Any CPU
		{59511100-041E-4B44-8267-A8A561232903}.AppStore|iPhoneSimulator.Build.0 = Release|Any CPU
		{59511100-041E-4B44-8267-A8A561232903}.AppStore|x64.ActiveCfg = Release|Any CPU
		{59511100-041E-4B44-8267-A8A561232903}.AppStore|x64.Build.0 = Release|Any CPU
		{59511100-041E-4B44-8267-A8A561232903}.AppStore|x86.ActiveCfg = Release|Any CPU
		{59511100-041E-4B44-8267-A8A561232903}.AppStore|x86.Build.0 = Release|Any CPU
		{59511100-041E-4B44-8267-A8A561232903}.Debug|Any CPU.ActiveCfg = Debug|Any CPU
		{59511100-041E-4B44-8267-A8A561232903}.Debug|Any CPU.Build.0 = Debug|Any CPU
		{59511100-041E-4B44-8267-A8A561232903}.Debug|ARM.ActiveCfg = Debug|Any CPU
		{59511100-041E-4B44-8267-A8A561232903}.Debug|ARM.Build.0 = Debug|Any CPU
		{59511100-041E-4B44-8267-A8A561232903}.Debug|iPhone.ActiveCfg = Debug|Any CPU
		{59511100-041E-4B44-8267-A8A561232903}.Debug|iPhone.Build.0 = Debug|Any CPU
		{59511100-041E-4B44-8267-A8A561232903}.Debug|iPhoneSimulator.ActiveCfg = Debug|Any CPU
		{59511100-041E-4B44-8267-A8A561232903}.Debug|iPhoneSimulator.Build.0 = Debug|Any CPU
		{59511100-041E-4B44-8267-A8A561232903}.Debug|x64.ActiveCfg = Debug|Any CPU
		{59511100-041E-4B44-8267-A8A561232903}.Debug|x64.Build.0 = Debug|Any CPU
		{59511100-041E-4B44-8267-A8A561232903}.Debug|x86.ActiveCfg = Debug|Any CPU
		{59511100-041E-4B44-8267-A8A561232903}.Debug|x86.Build.0 = Debug|Any CPU
		{59511100-041E-4B44-8267-A8A561232903}.Release|Any CPU.ActiveCfg = Release|Any CPU
		{59511100-041E-4B44-8267-A8A561232903}.Release|Any CPU.Build.0 = Release|Any CPU
		{59511100-041E-4B44-8267-A8A561232903}.Release|ARM.ActiveCfg = Release|Any CPU
		{59511100-041E-4B44-8267-A8A561232903}.Release|ARM.Build.0 = Release|Any CPU
		{59511100-041E-4B44-8267-A8A561232903}.Release|iPhone.ActiveCfg = Release|Any CPU
		{59511100-041E-4B44-8267-A8A561232903}.Release|iPhone.Build.0 = Release|Any CPU
		{59511100-041E-4B44-8267-A8A561232903}.Release|iPhoneSimulator.ActiveCfg = Release|Any CPU
		{59511100-041E-4B44-8267-A8A561232903}.Release|iPhoneSimulator.Build.0 = Release|Any CPU
		{59511100-041E-4B44-8267-A8A561232903}.Release|x64.ActiveCfg = Release|Any CPU
		{59511100-041E-4B44-8267-A8A561232903}.Release|x64.Build.0 = Release|Any CPU
		{59511100-041E-4B44-8267-A8A561232903}.Release|x86.ActiveCfg = Release|Any CPU
		{59511100-041E-4B44-8267-A8A561232903}.Release|x86.Build.0 = Release|Any CPU
		{F6527CC9-AE11-4762-AABF-83D0B1799BAA}.Ad-Hoc|Any CPU.ActiveCfg = Release|Any CPU
		{F6527CC9-AE11-4762-AABF-83D0B1799BAA}.Ad-Hoc|Any CPU.Build.0 = Release|Any CPU
		{F6527CC9-AE11-4762-AABF-83D0B1799BAA}.Ad-Hoc|Any CPU.Deploy.0 = Release|Any CPU
		{F6527CC9-AE11-4762-AABF-83D0B1799BAA}.Ad-Hoc|ARM.ActiveCfg = Release|Any CPU
		{F6527CC9-AE11-4762-AABF-83D0B1799BAA}.Ad-Hoc|ARM.Build.0 = Release|Any CPU
		{F6527CC9-AE11-4762-AABF-83D0B1799BAA}.Ad-Hoc|ARM.Deploy.0 = Release|Any CPU
		{F6527CC9-AE11-4762-AABF-83D0B1799BAA}.Ad-Hoc|iPhone.ActiveCfg = Release|Any CPU
		{F6527CC9-AE11-4762-AABF-83D0B1799BAA}.Ad-Hoc|iPhone.Build.0 = Release|Any CPU
		{F6527CC9-AE11-4762-AABF-83D0B1799BAA}.Ad-Hoc|iPhone.Deploy.0 = Release|Any CPU
		{F6527CC9-AE11-4762-AABF-83D0B1799BAA}.Ad-Hoc|iPhoneSimulator.ActiveCfg = Release|Any CPU
		{F6527CC9-AE11-4762-AABF-83D0B1799BAA}.Ad-Hoc|iPhoneSimulator.Build.0 = Release|Any CPU
		{F6527CC9-AE11-4762-AABF-83D0B1799BAA}.Ad-Hoc|iPhoneSimulator.Deploy.0 = Release|Any CPU
		{F6527CC9-AE11-4762-AABF-83D0B1799BAA}.Ad-Hoc|x64.ActiveCfg = Release|Any CPU
		{F6527CC9-AE11-4762-AABF-83D0B1799BAA}.Ad-Hoc|x64.Build.0 = Release|Any CPU
		{F6527CC9-AE11-4762-AABF-83D0B1799BAA}.Ad-Hoc|x64.Deploy.0 = Release|Any CPU
		{F6527CC9-AE11-4762-AABF-83D0B1799BAA}.Ad-Hoc|x86.ActiveCfg = Release|Any CPU
		{F6527CC9-AE11-4762-AABF-83D0B1799BAA}.Ad-Hoc|x86.Build.0 = Release|Any CPU
		{F6527CC9-AE11-4762-AABF-83D0B1799BAA}.Ad-Hoc|x86.Deploy.0 = Release|Any CPU
		{F6527CC9-AE11-4762-AABF-83D0B1799BAA}.AppStore|Any CPU.ActiveCfg = Release|Any CPU
		{F6527CC9-AE11-4762-AABF-83D0B1799BAA}.AppStore|Any CPU.Build.0 = Release|Any CPU
		{F6527CC9-AE11-4762-AABF-83D0B1799BAA}.AppStore|Any CPU.Deploy.0 = Release|Any CPU
		{F6527CC9-AE11-4762-AABF-83D0B1799BAA}.AppStore|ARM.ActiveCfg = Release|Any CPU
		{F6527CC9-AE11-4762-AABF-83D0B1799BAA}.AppStore|ARM.Build.0 = Release|Any CPU
		{F6527CC9-AE11-4762-AABF-83D0B1799BAA}.AppStore|ARM.Deploy.0 = Release|Any CPU
		{F6527CC9-AE11-4762-AABF-83D0B1799BAA}.AppStore|iPhone.ActiveCfg = Release|Any CPU
		{F6527CC9-AE11-4762-AABF-83D0B1799BAA}.AppStore|iPhone.Build.0 = Release|Any CPU
		{F6527CC9-AE11-4762-AABF-83D0B1799BAA}.AppStore|iPhone.Deploy.0 = Release|Any CPU
		{F6527CC9-AE11-4762-AABF-83D0B1799BAA}.AppStore|iPhoneSimulator.ActiveCfg = Release|Any CPU
		{F6527CC9-AE11-4762-AABF-83D0B1799BAA}.AppStore|iPhoneSimulator.Build.0 = Release|Any CPU
		{F6527CC9-AE11-4762-AABF-83D0B1799BAA}.AppStore|iPhoneSimulator.Deploy.0 = Release|Any CPU
		{F6527CC9-AE11-4762-AABF-83D0B1799BAA}.AppStore|x64.ActiveCfg = Release|Any CPU
		{F6527CC9-AE11-4762-AABF-83D0B1799BAA}.AppStore|x64.Build.0 = Release|Any CPU
		{F6527CC9-AE11-4762-AABF-83D0B1799BAA}.AppStore|x64.Deploy.0 = Release|Any CPU
		{F6527CC9-AE11-4762-AABF-83D0B1799BAA}.AppStore|x86.ActiveCfg = Release|Any CPU
		{F6527CC9-AE11-4762-AABF-83D0B1799BAA}.AppStore|x86.Build.0 = Release|Any CPU
		{F6527CC9-AE11-4762-AABF-83D0B1799BAA}.AppStore|x86.Deploy.0 = Release|Any CPU
		{F6527CC9-AE11-4762-AABF-83D0B1799BAA}.Debug|Any CPU.ActiveCfg = Debug|Any CPU
		{F6527CC9-AE11-4762-AABF-83D0B1799BAA}.Debug|Any CPU.Build.0 = Debug|Any CPU
		{F6527CC9-AE11-4762-AABF-83D0B1799BAA}.Debug|Any CPU.Deploy.0 = Debug|Any CPU
		{F6527CC9-AE11-4762-AABF-83D0B1799BAA}.Debug|ARM.ActiveCfg = Debug|Any CPU
		{F6527CC9-AE11-4762-AABF-83D0B1799BAA}.Debug|ARM.Build.0 = Debug|Any CPU
		{F6527CC9-AE11-4762-AABF-83D0B1799BAA}.Debug|ARM.Deploy.0 = Debug|Any CPU
		{F6527CC9-AE11-4762-AABF-83D0B1799BAA}.Debug|iPhone.ActiveCfg = Debug|Any CPU
		{F6527CC9-AE11-4762-AABF-83D0B1799BAA}.Debug|iPhone.Build.0 = Debug|Any CPU
		{F6527CC9-AE11-4762-AABF-83D0B1799BAA}.Debug|iPhone.Deploy.0 = Debug|Any CPU
		{F6527CC9-AE11-4762-AABF-83D0B1799BAA}.Debug|iPhoneSimulator.ActiveCfg = Debug|Any CPU
		{F6527CC9-AE11-4762-AABF-83D0B1799BAA}.Debug|iPhoneSimulator.Build.0 = Debug|Any CPU
		{F6527CC9-AE11-4762-AABF-83D0B1799BAA}.Debug|iPhoneSimulator.Deploy.0 = Debug|Any CPU
		{F6527CC9-AE11-4762-AABF-83D0B1799BAA}.Debug|x64.ActiveCfg = Debug|Any CPU
		{F6527CC9-AE11-4762-AABF-83D0B1799BAA}.Debug|x64.Build.0 = Debug|Any CPU
		{F6527CC9-AE11-4762-AABF-83D0B1799BAA}.Debug|x64.Deploy.0 = Debug|Any CPU
		{F6527CC9-AE11-4762-AABF-83D0B1799BAA}.Debug|x86.ActiveCfg = Debug|Any CPU
		{F6527CC9-AE11-4762-AABF-83D0B1799BAA}.Debug|x86.Build.0 = Debug|Any CPU
		{F6527CC9-AE11-4762-AABF-83D0B1799BAA}.Debug|x86.Deploy.0 = Debug|Any CPU
		{F6527CC9-AE11-4762-AABF-83D0B1799BAA}.Release|Any CPU.ActiveCfg = Release|Any CPU
		{F6527CC9-AE11-4762-AABF-83D0B1799BAA}.Release|Any CPU.Build.0 = Release|Any CPU
		{F6527CC9-AE11-4762-AABF-83D0B1799BAA}.Release|Any CPU.Deploy.0 = Release|Any CPU
		{F6527CC9-AE11-4762-AABF-83D0B1799BAA}.Release|ARM.ActiveCfg = Release|Any CPU
		{F6527CC9-AE11-4762-AABF-83D0B1799BAA}.Release|ARM.Build.0 = Release|Any CPU
		{F6527CC9-AE11-4762-AABF-83D0B1799BAA}.Release|ARM.Deploy.0 = Release|Any CPU
		{F6527CC9-AE11-4762-AABF-83D0B1799BAA}.Release|iPhone.ActiveCfg = Release|Any CPU
		{F6527CC9-AE11-4762-AABF-83D0B1799BAA}.Release|iPhone.Build.0 = Release|Any CPU
		{F6527CC9-AE11-4762-AABF-83D0B1799BAA}.Release|iPhone.Deploy.0 = Release|Any CPU
		{F6527CC9-AE11-4762-AABF-83D0B1799BAA}.Release|iPhoneSimulator.ActiveCfg = Release|Any CPU
		{F6527CC9-AE11-4762-AABF-83D0B1799BAA}.Release|iPhoneSimulator.Build.0 = Release|Any CPU
		{F6527CC9-AE11-4762-AABF-83D0B1799BAA}.Release|iPhoneSimulator.Deploy.0 = Release|Any CPU
		{F6527CC9-AE11-4762-AABF-83D0B1799BAA}.Release|x64.ActiveCfg = Release|Any CPU
		{F6527CC9-AE11-4762-AABF-83D0B1799BAA}.Release|x64.Build.0 = Release|Any CPU
		{F6527CC9-AE11-4762-AABF-83D0B1799BAA}.Release|x64.Deploy.0 = Release|Any CPU
		{F6527CC9-AE11-4762-AABF-83D0B1799BAA}.Release|x86.ActiveCfg = Release|Any CPU
		{F6527CC9-AE11-4762-AABF-83D0B1799BAA}.Release|x86.Build.0 = Release|Any CPU
		{F6527CC9-AE11-4762-AABF-83D0B1799BAA}.Release|x86.Deploy.0 = Release|Any CPU
		{0C75E9CF-0973-4C70-A397-CD9BAB4CA53B}.Ad-Hoc|Any CPU.ActiveCfg = Release|Any CPU
		{0C75E9CF-0973-4C70-A397-CD9BAB4CA53B}.Ad-Hoc|Any CPU.Build.0 = Release|Any CPU
		{0C75E9CF-0973-4C70-A397-CD9BAB4CA53B}.Ad-Hoc|ARM.ActiveCfg = Release|Any CPU
		{0C75E9CF-0973-4C70-A397-CD9BAB4CA53B}.Ad-Hoc|ARM.Build.0 = Release|Any CPU
		{0C75E9CF-0973-4C70-A397-CD9BAB4CA53B}.Ad-Hoc|iPhone.ActiveCfg = Release|Any CPU
		{0C75E9CF-0973-4C70-A397-CD9BAB4CA53B}.Ad-Hoc|iPhone.Build.0 = Release|Any CPU
		{0C75E9CF-0973-4C70-A397-CD9BAB4CA53B}.Ad-Hoc|iPhoneSimulator.ActiveCfg = Release|Any CPU
		{0C75E9CF-0973-4C70-A397-CD9BAB4CA53B}.Ad-Hoc|iPhoneSimulator.Build.0 = Release|Any CPU
		{0C75E9CF-0973-4C70-A397-CD9BAB4CA53B}.Ad-Hoc|x64.ActiveCfg = Release|Any CPU
		{0C75E9CF-0973-4C70-A397-CD9BAB4CA53B}.Ad-Hoc|x64.Build.0 = Release|Any CPU
		{0C75E9CF-0973-4C70-A397-CD9BAB4CA53B}.Ad-Hoc|x86.ActiveCfg = Release|Any CPU
		{0C75E9CF-0973-4C70-A397-CD9BAB4CA53B}.Ad-Hoc|x86.Build.0 = Release|Any CPU
		{0C75E9CF-0973-4C70-A397-CD9BAB4CA53B}.AppStore|Any CPU.ActiveCfg = Release|Any CPU
		{0C75E9CF-0973-4C70-A397-CD9BAB4CA53B}.AppStore|Any CPU.Build.0 = Release|Any CPU
		{0C75E9CF-0973-4C70-A397-CD9BAB4CA53B}.AppStore|ARM.ActiveCfg = Release|Any CPU
		{0C75E9CF-0973-4C70-A397-CD9BAB4CA53B}.AppStore|ARM.Build.0 = Release|Any CPU
		{0C75E9CF-0973-4C70-A397-CD9BAB4CA53B}.AppStore|iPhone.ActiveCfg = Release|Any CPU
		{0C75E9CF-0973-4C70-A397-CD9BAB4CA53B}.AppStore|iPhone.Build.0 = Release|Any CPU
		{0C75E9CF-0973-4C70-A397-CD9BAB4CA53B}.AppStore|iPhoneSimulator.ActiveCfg = Release|Any CPU
		{0C75E9CF-0973-4C70-A397-CD9BAB4CA53B}.AppStore|iPhoneSimulator.Build.0 = Release|Any CPU
		{0C75E9CF-0973-4C70-A397-CD9BAB4CA53B}.AppStore|x64.ActiveCfg = Release|Any CPU
		{0C75E9CF-0973-4C70-A397-CD9BAB4CA53B}.AppStore|x64.Build.0 = Release|Any CPU
		{0C75E9CF-0973-4C70-A397-CD9BAB4CA53B}.AppStore|x86.ActiveCfg = Release|Any CPU
		{0C75E9CF-0973-4C70-A397-CD9BAB4CA53B}.AppStore|x86.Build.0 = Release|Any CPU
		{0C75E9CF-0973-4C70-A397-CD9BAB4CA53B}.Debug|Any CPU.ActiveCfg = Debug|Any CPU
		{0C75E9CF-0973-4C70-A397-CD9BAB4CA53B}.Debug|Any CPU.Build.0 = Debug|Any CPU
		{0C75E9CF-0973-4C70-A397-CD9BAB4CA53B}.Debug|ARM.ActiveCfg = Debug|Any CPU
		{0C75E9CF-0973-4C70-A397-CD9BAB4CA53B}.Debug|ARM.Build.0 = Debug|Any CPU
		{0C75E9CF-0973-4C70-A397-CD9BAB4CA53B}.Debug|iPhone.ActiveCfg = Debug|Any CPU
		{0C75E9CF-0973-4C70-A397-CD9BAB4CA53B}.Debug|iPhone.Build.0 = Debug|Any CPU
		{0C75E9CF-0973-4C70-A397-CD9BAB4CA53B}.Debug|iPhoneSimulator.ActiveCfg = Debug|Any CPU
		{0C75E9CF-0973-4C70-A397-CD9BAB4CA53B}.Debug|iPhoneSimulator.Build.0 = Debug|Any CPU
		{0C75E9CF-0973-4C70-A397-CD9BAB4CA53B}.Debug|x64.ActiveCfg = Debug|Any CPU
		{0C75E9CF-0973-4C70-A397-CD9BAB4CA53B}.Debug|x64.Build.0 = Debug|Any CPU
		{0C75E9CF-0973-4C70-A397-CD9BAB4CA53B}.Debug|x86.ActiveCfg = Debug|Any CPU
		{0C75E9CF-0973-4C70-A397-CD9BAB4CA53B}.Debug|x86.Build.0 = Debug|Any CPU
		{0C75E9CF-0973-4C70-A397-CD9BAB4CA53B}.Release|Any CPU.ActiveCfg = Release|Any CPU
		{0C75E9CF-0973-4C70-A397-CD9BAB4CA53B}.Release|Any CPU.Build.0 = Release|Any CPU
		{0C75E9CF-0973-4C70-A397-CD9BAB4CA53B}.Release|ARM.ActiveCfg = Release|Any CPU
		{0C75E9CF-0973-4C70-A397-CD9BAB4CA53B}.Release|ARM.Build.0 = Release|Any CPU
		{0C75E9CF-0973-4C70-A397-CD9BAB4CA53B}.Release|iPhone.ActiveCfg = Release|Any CPU
		{0C75E9CF-0973-4C70-A397-CD9BAB4CA53B}.Release|iPhone.Build.0 = Release|Any CPU
		{0C75E9CF-0973-4C70-A397-CD9BAB4CA53B}.Release|iPhoneSimulator.ActiveCfg = Release|Any CPU
		{0C75E9CF-0973-4C70-A397-CD9BAB4CA53B}.Release|iPhoneSimulator.Build.0 = Release|Any CPU
		{0C75E9CF-0973-4C70-A397-CD9BAB4CA53B}.Release|x64.ActiveCfg = Release|Any CPU
		{0C75E9CF-0973-4C70-A397-CD9BAB4CA53B}.Release|x64.Build.0 = Release|Any CPU
		{0C75E9CF-0973-4C70-A397-CD9BAB4CA53B}.Release|x86.ActiveCfg = Release|Any CPU
		{0C75E9CF-0973-4C70-A397-CD9BAB4CA53B}.Release|x86.Build.0 = Release|Any CPU
		{FB720C19-8F34-4CE7-A0A5-0F7AF2CF2DCE}.Ad-Hoc|Any CPU.ActiveCfg = Release|Any CPU
		{FB720C19-8F34-4CE7-A0A5-0F7AF2CF2DCE}.Ad-Hoc|Any CPU.Build.0 = Release|Any CPU
		{FB720C19-8F34-4CE7-A0A5-0F7AF2CF2DCE}.Ad-Hoc|ARM.ActiveCfg = Release|Any CPU
		{FB720C19-8F34-4CE7-A0A5-0F7AF2CF2DCE}.Ad-Hoc|ARM.Build.0 = Release|Any CPU
		{FB720C19-8F34-4CE7-A0A5-0F7AF2CF2DCE}.Ad-Hoc|iPhone.ActiveCfg = Release|Any CPU
		{FB720C19-8F34-4CE7-A0A5-0F7AF2CF2DCE}.Ad-Hoc|iPhone.Build.0 = Release|Any CPU
		{FB720C19-8F34-4CE7-A0A5-0F7AF2CF2DCE}.Ad-Hoc|iPhoneSimulator.ActiveCfg = Release|Any CPU
		{FB720C19-8F34-4CE7-A0A5-0F7AF2CF2DCE}.Ad-Hoc|iPhoneSimulator.Build.0 = Release|Any CPU
		{FB720C19-8F34-4CE7-A0A5-0F7AF2CF2DCE}.Ad-Hoc|x64.ActiveCfg = Release|Any CPU
		{FB720C19-8F34-4CE7-A0A5-0F7AF2CF2DCE}.Ad-Hoc|x64.Build.0 = Release|Any CPU
		{FB720C19-8F34-4CE7-A0A5-0F7AF2CF2DCE}.Ad-Hoc|x86.ActiveCfg = Release|Any CPU
		{FB720C19-8F34-4CE7-A0A5-0F7AF2CF2DCE}.Ad-Hoc|x86.Build.0 = Release|Any CPU
		{FB720C19-8F34-4CE7-A0A5-0F7AF2CF2DCE}.AppStore|Any CPU.ActiveCfg = Release|Any CPU
		{FB720C19-8F34-4CE7-A0A5-0F7AF2CF2DCE}.AppStore|Any CPU.Build.0 = Release|Any CPU
		{FB720C19-8F34-4CE7-A0A5-0F7AF2CF2DCE}.AppStore|ARM.ActiveCfg = Release|Any CPU
		{FB720C19-8F34-4CE7-A0A5-0F7AF2CF2DCE}.AppStore|ARM.Build.0 = Release|Any CPU
		{FB720C19-8F34-4CE7-A0A5-0F7AF2CF2DCE}.AppStore|iPhone.ActiveCfg = Release|Any CPU
		{FB720C19-8F34-4CE7-A0A5-0F7AF2CF2DCE}.AppStore|iPhone.Build.0 = Release|Any CPU
		{FB720C19-8F34-4CE7-A0A5-0F7AF2CF2DCE}.AppStore|iPhoneSimulator.ActiveCfg = Release|Any CPU
		{FB720C19-8F34-4CE7-A0A5-0F7AF2CF2DCE}.AppStore|iPhoneSimulator.Build.0 = Release|Any CPU
		{FB720C19-8F34-4CE7-A0A5-0F7AF2CF2DCE}.AppStore|x64.ActiveCfg = Release|Any CPU
		{FB720C19-8F34-4CE7-A0A5-0F7AF2CF2DCE}.AppStore|x64.Build.0 = Release|Any CPU
		{FB720C19-8F34-4CE7-A0A5-0F7AF2CF2DCE}.AppStore|x86.ActiveCfg = Release|Any CPU
		{FB720C19-8F34-4CE7-A0A5-0F7AF2CF2DCE}.AppStore|x86.Build.0 = Release|Any CPU
		{FB720C19-8F34-4CE7-A0A5-0F7AF2CF2DCE}.Debug|Any CPU.ActiveCfg = Debug|Any CPU
		{FB720C19-8F34-4CE7-A0A5-0F7AF2CF2DCE}.Debug|Any CPU.Build.0 = Debug|Any CPU
		{FB720C19-8F34-4CE7-A0A5-0F7AF2CF2DCE}.Debug|ARM.ActiveCfg = Debug|Any CPU
		{FB720C19-8F34-4CE7-A0A5-0F7AF2CF2DCE}.Debug|ARM.Build.0 = Debug|Any CPU
		{FB720C19-8F34-4CE7-A0A5-0F7AF2CF2DCE}.Debug|iPhone.ActiveCfg = Debug|Any CPU
		{FB720C19-8F34-4CE7-A0A5-0F7AF2CF2DCE}.Debug|iPhone.Build.0 = Debug|Any CPU
		{FB720C19-8F34-4CE7-A0A5-0F7AF2CF2DCE}.Debug|iPhoneSimulator.ActiveCfg = Debug|Any CPU
		{FB720C19-8F34-4CE7-A0A5-0F7AF2CF2DCE}.Debug|iPhoneSimulator.Build.0 = Debug|Any CPU
		{FB720C19-8F34-4CE7-A0A5-0F7AF2CF2DCE}.Debug|x64.ActiveCfg = Debug|Any CPU
		{FB720C19-8F34-4CE7-A0A5-0F7AF2CF2DCE}.Debug|x64.Build.0 = Debug|Any CPU
		{FB720C19-8F34-4CE7-A0A5-0F7AF2CF2DCE}.Debug|x86.ActiveCfg = Debug|Any CPU
		{FB720C19-8F34-4CE7-A0A5-0F7AF2CF2DCE}.Debug|x86.Build.0 = Debug|Any CPU
		{FB720C19-8F34-4CE7-A0A5-0F7AF2CF2DCE}.Release|Any CPU.ActiveCfg = Release|Any CPU
		{FB720C19-8F34-4CE7-A0A5-0F7AF2CF2DCE}.Release|Any CPU.Build.0 = Release|Any CPU
		{FB720C19-8F34-4CE7-A0A5-0F7AF2CF2DCE}.Release|ARM.ActiveCfg = Release|Any CPU
		{FB720C19-8F34-4CE7-A0A5-0F7AF2CF2DCE}.Release|ARM.Build.0 = Release|Any CPU
		{FB720C19-8F34-4CE7-A0A5-0F7AF2CF2DCE}.Release|iPhone.ActiveCfg = Release|Any CPU
		{FB720C19-8F34-4CE7-A0A5-0F7AF2CF2DCE}.Release|iPhone.Build.0 = Release|Any CPU
		{FB720C19-8F34-4CE7-A0A5-0F7AF2CF2DCE}.Release|iPhoneSimulator.ActiveCfg = Release|Any CPU
		{FB720C19-8F34-4CE7-A0A5-0F7AF2CF2DCE}.Release|iPhoneSimulator.Build.0 = Release|Any CPU
		{FB720C19-8F34-4CE7-A0A5-0F7AF2CF2DCE}.Release|x64.ActiveCfg = Release|Any CPU
		{FB720C19-8F34-4CE7-A0A5-0F7AF2CF2DCE}.Release|x64.Build.0 = Release|Any CPU
		{FB720C19-8F34-4CE7-A0A5-0F7AF2CF2DCE}.Release|x86.ActiveCfg = Release|Any CPU
		{FB720C19-8F34-4CE7-A0A5-0F7AF2CF2DCE}.Release|x86.Build.0 = Release|Any CPU
		{B9C1A2D6-D7BC-443F-8BCE-3F87BA4CC064}.Ad-Hoc|Any CPU.ActiveCfg = Release|Any CPU
		{B9C1A2D6-D7BC-443F-8BCE-3F87BA4CC064}.Ad-Hoc|Any CPU.Build.0 = Release|Any CPU
		{B9C1A2D6-D7BC-443F-8BCE-3F87BA4CC064}.Ad-Hoc|ARM.ActiveCfg = Release|Any CPU
		{B9C1A2D6-D7BC-443F-8BCE-3F87BA4CC064}.Ad-Hoc|ARM.Build.0 = Release|Any CPU
		{B9C1A2D6-D7BC-443F-8BCE-3F87BA4CC064}.Ad-Hoc|iPhone.ActiveCfg = Release|Any CPU
		{B9C1A2D6-D7BC-443F-8BCE-3F87BA4CC064}.Ad-Hoc|iPhone.Build.0 = Release|Any CPU
		{B9C1A2D6-D7BC-443F-8BCE-3F87BA4CC064}.Ad-Hoc|iPhoneSimulator.ActiveCfg = Release|Any CPU
		{B9C1A2D6-D7BC-443F-8BCE-3F87BA4CC064}.Ad-Hoc|iPhoneSimulator.Build.0 = Release|Any CPU
		{B9C1A2D6-D7BC-443F-8BCE-3F87BA4CC064}.Ad-Hoc|x64.ActiveCfg = Release|Any CPU
		{B9C1A2D6-D7BC-443F-8BCE-3F87BA4CC064}.Ad-Hoc|x64.Build.0 = Release|Any CPU
		{B9C1A2D6-D7BC-443F-8BCE-3F87BA4CC064}.Ad-Hoc|x86.ActiveCfg = Release|Any CPU
		{B9C1A2D6-D7BC-443F-8BCE-3F87BA4CC064}.Ad-Hoc|x86.Build.0 = Release|Any CPU
		{B9C1A2D6-D7BC-443F-8BCE-3F87BA4CC064}.AppStore|Any CPU.ActiveCfg = Release|Any CPU
		{B9C1A2D6-D7BC-443F-8BCE-3F87BA4CC064}.AppStore|Any CPU.Build.0 = Release|Any CPU
		{B9C1A2D6-D7BC-443F-8BCE-3F87BA4CC064}.AppStore|ARM.ActiveCfg = Release|Any CPU
		{B9C1A2D6-D7BC-443F-8BCE-3F87BA4CC064}.AppStore|ARM.Build.0 = Release|Any CPU
		{B9C1A2D6-D7BC-443F-8BCE-3F87BA4CC064}.AppStore|iPhone.ActiveCfg = Release|Any CPU
		{B9C1A2D6-D7BC-443F-8BCE-3F87BA4CC064}.AppStore|iPhone.Build.0 = Release|Any CPU
		{B9C1A2D6-D7BC-443F-8BCE-3F87BA4CC064}.AppStore|iPhoneSimulator.ActiveCfg = Release|Any CPU
		{B9C1A2D6-D7BC-443F-8BCE-3F87BA4CC064}.AppStore|iPhoneSimulator.Build.0 = Release|Any CPU
		{B9C1A2D6-D7BC-443F-8BCE-3F87BA4CC064}.AppStore|x64.ActiveCfg = Release|Any CPU
		{B9C1A2D6-D7BC-443F-8BCE-3F87BA4CC064}.AppStore|x64.Build.0 = Release|Any CPU
		{B9C1A2D6-D7BC-443F-8BCE-3F87BA4CC064}.AppStore|x86.ActiveCfg = Release|Any CPU
		{B9C1A2D6-D7BC-443F-8BCE-3F87BA4CC064}.AppStore|x86.Build.0 = Release|Any CPU
		{B9C1A2D6-D7BC-443F-8BCE-3F87BA4CC064}.Debug|Any CPU.ActiveCfg = Debug|Any CPU
		{B9C1A2D6-D7BC-443F-8BCE-3F87BA4CC064}.Debug|Any CPU.Build.0 = Debug|Any CPU
		{B9C1A2D6-D7BC-443F-8BCE-3F87BA4CC064}.Debug|ARM.ActiveCfg = Debug|Any CPU
		{B9C1A2D6-D7BC-443F-8BCE-3F87BA4CC064}.Debug|ARM.Build.0 = Debug|Any CPU
		{B9C1A2D6-D7BC-443F-8BCE-3F87BA4CC064}.Debug|iPhone.ActiveCfg = Debug|Any CPU
		{B9C1A2D6-D7BC-443F-8BCE-3F87BA4CC064}.Debug|iPhone.Build.0 = Debug|Any CPU
		{B9C1A2D6-D7BC-443F-8BCE-3F87BA4CC064}.Debug|iPhoneSimulator.ActiveCfg = Debug|Any CPU
		{B9C1A2D6-D7BC-443F-8BCE-3F87BA4CC064}.Debug|iPhoneSimulator.Build.0 = Debug|Any CPU
		{B9C1A2D6-D7BC-443F-8BCE-3F87BA4CC064}.Debug|x64.ActiveCfg = Debug|Any CPU
		{B9C1A2D6-D7BC-443F-8BCE-3F87BA4CC064}.Debug|x64.Build.0 = Debug|Any CPU
		{B9C1A2D6-D7BC-443F-8BCE-3F87BA4CC064}.Debug|x86.ActiveCfg = Debug|Any CPU
		{B9C1A2D6-D7BC-443F-8BCE-3F87BA4CC064}.Debug|x86.Build.0 = Debug|Any CPU
		{B9C1A2D6-D7BC-443F-8BCE-3F87BA4CC064}.Release|Any CPU.ActiveCfg = Release|Any CPU
		{B9C1A2D6-D7BC-443F-8BCE-3F87BA4CC064}.Release|Any CPU.Build.0 = Release|Any CPU
		{B9C1A2D6-D7BC-443F-8BCE-3F87BA4CC064}.Release|ARM.ActiveCfg = Release|Any CPU
		{B9C1A2D6-D7BC-443F-8BCE-3F87BA4CC064}.Release|ARM.Build.0 = Release|Any CPU
		{B9C1A2D6-D7BC-443F-8BCE-3F87BA4CC064}.Release|iPhone.ActiveCfg = Release|Any CPU
		{B9C1A2D6-D7BC-443F-8BCE-3F87BA4CC064}.Release|iPhone.Build.0 = Release|Any CPU
		{B9C1A2D6-D7BC-443F-8BCE-3F87BA4CC064}.Release|iPhoneSimulator.ActiveCfg = Release|Any CPU
		{B9C1A2D6-D7BC-443F-8BCE-3F87BA4CC064}.Release|iPhoneSimulator.Build.0 = Release|Any CPU
		{B9C1A2D6-D7BC-443F-8BCE-3F87BA4CC064}.Release|x64.ActiveCfg = Release|Any CPU
		{B9C1A2D6-D7BC-443F-8BCE-3F87BA4CC064}.Release|x64.Build.0 = Release|Any CPU
		{B9C1A2D6-D7BC-443F-8BCE-3F87BA4CC064}.Release|x86.ActiveCfg = Release|Any CPU
		{B9C1A2D6-D7BC-443F-8BCE-3F87BA4CC064}.Release|x86.Build.0 = Release|Any CPU
	EndGlobalSection
	GlobalSection(SolutionProperties) = preSolution
		HideSolutionNode = FALSE
	EndGlobalSection
EndGlobal
